$token: azure-native:datafactory/v20180601:ScriptActivityScriptBlock
description: Script block of scripts.
properties:
  parameters:
    type: array
    items:
      type: object
      $ref: "#/types/azure-native:datafactory/v20180601:ScriptActivityParameter"
    description: "Array of script parameters. Type: array."
  text:
    $ref: pulumi.json#/Any
    description: "The query text. Type: string (or Expression with resultType string)."
  type:
    oneOf:
      - type: string
      - $ref: "#/types/azure-native:datafactory/v20180601:ScriptType"
    description: "The type of the query. Type: string."
type: object
required:
  - text
  - type
