$token: aws:s3control/MultiRegionAccessPointDetailsPublicAccessBlock:MultiRegionAccessPointDetailsPublicAccessBlock
properties:
  blockPublicAcls:
    type: boolean
    language:
      python:
        mapCase: false
    willReplaceOnChanges: true
  blockPublicPolicy:
    type: boolean
    language:
      python:
        mapCase: false
    willReplaceOnChanges: true
  ignorePublicAcls:
    type: boolean
    language:
      python:
        mapCase: false
    willReplaceOnChanges: true
  restrictPublicBuckets:
    type: boolean
    language:
      python:
        mapCase: false
    willReplaceOnChanges: true
type: object
