$token: aws:wafv2/RuleGroupRuleActionBlock:RuleGroupRuleActionBlock
properties:
  customResponse:
    $ref: "#/types/aws:wafv2/RuleGroupRuleActionBlockCustomResponse:RuleGroupRuleActionBlockCustomResponse"
    description: |
      Defines a custom response for the web request. See Custom Response below for details.
    language:
      python:
        mapCase: false
type: object
