$token: aws:wafv2/WebAclDefaultActionBlock:WebAclDefaultActionBlock
properties:
  customResponse:
    $ref: "#/types/aws:wafv2/WebAclDefaultActionBlockCustomResponse:WebAclDefaultActionBlockCustomResponse"
    description: |
      Defines a custom response for the web request. See Custom Response below for details.
    language:
      python:
        mapCase: false
type: object
